{
  "name": "cpsu-doc-track",
  "version": "1.0.0",
  "lockfileVersion": 3,
  "requires": true,
  "packages": {
    "": {
      "name": "cpsu-doc-track",
      "version": "1.0.0",
      "workspaces": [
        "Frontend"
      ],
      "engines": {
        "node": "24.x"
      }
    },
    "Frontend": {
      "name": "cpsu-doc-track-frontend",
      "version": "1.0.0",
      "engines": {
        "node": "24.x"
      }
    },
    "node_modules/cpsu-doc-track-frontend": {
      "resolved": "Frontend",
      "link": true
    }
  }
}
